
Microsoft Visual Studio Solution File, Format Version 12.00
# Visual Studio Version 17
VisualStudioVersion = 17.3.32929.385
MinimumVisualStudioVersion = 10.0.40219.1
Project("{FAE04EC0-301F-11D3-BF4B-00C04F79EFBC}") = "Exercicio2Polimorfismo", "Exercicio2Polimorfismo\Exercicio2Polimorfismo.csproj", "{1D87208E-AFE7-485E-A583-789140B9CEFF}"
EndProject
Global
	GlobalSection(SolutionConfigurationPlatforms) = preSolution
		Debug|Any CPU = Debug|Any CPU
		Release|Any CPU = Release|Any CPU
	EndGlobalSection
	GlobalSection(ProjectConfigurationPlatforms) = postSolution
		{1D87208E-AFE7-485E-A583-789140B9CEFF}.Debug|Any CPU.ActiveCfg = Debug|Any CPU
		{1D87208E-AFE7-485E-A583-789140B9CEFF}.Debug|Any CPU.Build.0 = Debug|Any CPU
		{1D87208E-AFE7-485E-A583-789140B9CEFF}.Release|Any CPU.ActiveCfg = Release|Any CPU
		{1D87208E-AFE7-485E-A583-789140B9CEFF}.Release|Any CPU.Build.0 = Release|Any CPU
	EndGlobalSection
	GlobalSection(SolutionProperties) = preSolution
		HideSolutionNode = FALSE
	EndGlobalSection
	GlobalSection(ExtensibilityGlobals) = postSolution
		SolutionGuid = {50A39037-5C0B-45CD-AF97-A8459C3995E8}
	EndGlobalSection
EndGlobal
